<?xml version="1.0" encoding="utf-8"?>
<Project ToolsVersion="4.0" xmlns="http://schemas.microsoft.com/developer/msbuild/2003">
  <ItemGroup>
    <Filter Include="ArcadeGame">
      <UniqueIdentifier>{e72c186c-4d3b-4614-b6dc-ac3fe5b0e5af}</UniqueIdentifier>
    </Filter>
    <Filter Include="PlatformerGame">
      <UniqueIdentifier>{13935929-d590-4a80-a50e-3d4aa1da7f46}</UniqueIdentifier>
    </Filter>
  </ItemGroup>
  <ItemGroup>
    <ClCompile Include="ArcadeGame\ArcadeGame.cpp">
      <Filter>ArcadeGame</Filter>
    </ClCompile>
    <ClCompile Include="ArcadeGame\Bullet.cpp">
      <Filter>ArcadeGame</Filter>
    </ClCompile>
    <ClCompile Include="ArcadeGame\Enemy.cpp">
      <Filter>ArcadeGame</Filter>
    </ClCompile>
    <ClCompile Include="ArcadeGame\Player.cpp">
      <Filter>ArcadeGame</Filter>
    </ClCompile>
    <ClCompile Include="ArcadeGame\PowerUp.cpp">
      <Filter>ArcadeGame</Filter>
    </ClCompile>
    <ClCompile Include="Main.cpp" />
    <ClCompile Include="PlatformerGame\PlatformerGame.cpp">
      <Filter>PlatformerGame</Filter>
    </ClCompile>
  </ItemGroup>
  <ItemGroup>
    <ClInclude Include="ArcadeGame\Bullet.h">
      <Filter>ArcadeGame</Filter>
    </ClInclude>
    <ClInclude Include="ArcadeGame\Enemy.h">
      <Filter>ArcadeGame</Filter>
    </ClInclude>
    <ClInclude Include="ArcadeGame\Models.h">
      <Filter>ArcadeGame</Filter>
    </ClInclude>
    <ClInclude Include="ArcadeGame\Player.h">
      <Filter>ArcadeGame</Filter>
    </ClInclude>
    <ClInclude Include="ArcadeGame\PowerUp.h">
      <Filter>ArcadeGame</Filter>
    </ClInclude>
    <ClInclude Include="ArcadeGame\ArcadeGame.h">
      <Filter>ArcadeGame</Filter>
    </ClInclude>
    <ClInclude Include="Game.h" />
    <ClInclude Include="PlatformerGame\PlatformerGame.h">
      <Filter>PlatformerGame</Filter>
    </ClInclude>
  </ItemGroup>
</Project>